
Microsoft Visual Studio Solution File, Format Version 12.00
Project("{FAE04EC0-301F-11D3-BF4B-00C04F79EFBC}") = "责任链条模式", "责任链条模式\责任链条模式.csproj", "{5734A433-E87C-4325-94E4-48FF1B6A6AC9}"
EndProject
Global
	GlobalSection(SolutionConfigurationPlatforms) = preSolution
		Debug|Any CPU = Debug|Any CPU
		Release|Any CPU = Release|Any CPU
	EndGlobalSection
	GlobalSection(ProjectConfigurationPlatforms) = postSolution
		{5734A433-E87C-4325-94E4-48FF1B6A6AC9}.Debug|Any CPU.ActiveCfg = Debug|Any CPU
		{5734A433-E87C-4325-94E4-48FF1B6A6AC9}.Debug|Any CPU.Build.0 = Debug|Any CPU
		{5734A433-E87C-4325-94E4-48FF1B6A6AC9}.Release|Any CPU.ActiveCfg = Release|Any CPU
		{5734A433-E87C-4325-94E4-48FF1B6A6AC9}.Release|Any CPU.Build.0 = Release|Any CPU
	EndGlobalSection
EndGlobal
