
Microsoft Visual Studio Solution File, Format Version 12.00
Project("{FAE04EC0-301F-11D3-BF4B-00C04F79EFBC}") = "模板方法模式", "模板方法模式\模板方法模式.csproj", "{4CD269A3-73BF-4D81-9075-EFB7B7F66546}"
EndProject
Global
	GlobalSection(SolutionConfigurationPlatforms) = preSolution
		Debug|Any CPU = Debug|Any CPU
		Release|Any CPU = Release|Any CPU
	EndGlobalSection
	GlobalSection(ProjectConfigurationPlatforms) = postSolution
		{4CD269A3-73BF-4D81-9075-EFB7B7F66546}.Debug|Any CPU.ActiveCfg = Debug|Any CPU
		{4CD269A3-73BF-4D81-9075-EFB7B7F66546}.Debug|Any CPU.Build.0 = Debug|Any CPU
		{4CD269A3-73BF-4D81-9075-EFB7B7F66546}.Release|Any CPU.ActiveCfg = Release|Any CPU
		{4CD269A3-73BF-4D81-9075-EFB7B7F66546}.Release|Any CPU.Build.0 = Release|Any CPU
	EndGlobalSection
EndGlobal
