
Microsoft Visual Studio Solution File, Format Version 12.00
Project("{FAE04EC0-301F-11D3-BF4B-00C04F79EFBC}") = "外观模式", "外观模式\外观模式.csproj", "{30C45BD2-3128-4178-9CF1-E63E33CD3113}"
EndProject
Global
	GlobalSection(SolutionConfigurationPlatforms) = preSolution
		Debug|Any CPU = Debug|Any CPU
		Release|Any CPU = Release|Any CPU
	EndGlobalSection
	GlobalSection(ProjectConfigurationPlatforms) = postSolution
		{30C45BD2-3128-4178-9CF1-E63E33CD3113}.Debug|Any CPU.ActiveCfg = Debug|Any CPU
		{30C45BD2-3128-4178-9CF1-E63E33CD3113}.Debug|Any CPU.Build.0 = Debug|Any CPU
		{30C45BD2-3128-4178-9CF1-E63E33CD3113}.Release|Any CPU.ActiveCfg = Release|Any CPU
		{30C45BD2-3128-4178-9CF1-E63E33CD3113}.Release|Any CPU.Build.0 = Release|Any CPU
	EndGlobalSection
EndGlobal
